
Microsoft Visual Studio Solution File, Format Version 12.00
# Visual Studio Version 17
VisualStudioVersion = 17.10.35004.147
MinimumVisualStudioVersion = 10.0.40219.1
Project("{FAE04EC0-301F-11D3-BF4B-00C04F79EFBC}") = "baiTap20", "baiTap20\baiTap20.csproj", "{60891654-D56E-499A-9073-8907DFFBF09F}"
EndProject
Global
	GlobalSection(SolutionConfigurationPlatforms) = preSolution
		Debug|Any CPU = Debug|Any CPU
		Release|Any CPU = Release|Any CPU
	EndGlobalSection
	GlobalSection(ProjectConfigurationPlatforms) = postSolution
		{60891654-D56E-499A-9073-8907DFFBF09F}.Debug|Any CPU.ActiveCfg = Debug|Any CPU
		{60891654-D56E-499A-9073-8907DFFBF09F}.Debug|Any CPU.Build.0 = Debug|Any CPU
		{60891654-D56E-499A-9073-8907DFFBF09F}.Release|Any CPU.ActiveCfg = Release|Any CPU
		{60891654-D56E-499A-9073-8907DFFBF09F}.Release|Any CPU.Build.0 = Release|Any CPU
	EndGlobalSection
	GlobalSection(SolutionProperties) = preSolution
		HideSolutionNode = FALSE
	EndGlobalSection
	GlobalSection(ExtensibilityGlobals) = postSolution
		SolutionGuid = {177954A1-B3A4-4197-B2E5-DF7FE7AA6D5B}
	EndGlobalSection
EndGlobal
